// !$*UTF8*$!
{
	archiveVersion = 1;
	classes = {
	};
	objectVersion = 73;
	objects = {

/* Begin PBXBuildFile section */
		67C4DA28024296FE16CE1B6C /* Pods_AntPlayerH_AntPlayerHUITests.framework in Frameworks */ = {isa = PBXBuildFile; fileRef = F16FAB39D4560FC130225F6E /* Pods_AntPlayerH_AntPlayerHUITests.framework */; };
		D0B94F7A1C37F79BB1854A35 /* Pods_AntPlayerHTests.framework in Frameworks */ = {isa = PBXBuildFile; fileRef = BC0A904D06158A31EECF5674 /* Pods_AntPlayerHTests.framework */; };
		FA50EABC2DEBF6D500446224 /* XLActionController in Frameworks */ = {isa = PBXBuildFile; productRef = FA50EABB2DEBF6D500446224 /* XLActionController */; };
		FA50EABE2DEBF6F100446224 /* SnapKit in Frameworks */ = {isa = PBXBuildFile; productRef = FA50EABD2DEBF6F100446224 /* SnapKit */; };
		FA50EAC02DEBF72600446224 /* Toast in Frameworks */ = {isa = PBXBuildFile; productRef = FA50EABF2DEBF72600446224 /* Toast */; };
		FA50EAC22DEBF73A00446224 /* Moya in Frameworks */ = {isa = PBXBuildFile; productRef = FA50EAC12DEBF73A00446224 /* Moya */; };
		FA50EAC42DEBF74600446224 /* JXSegmentedView in Frameworks */ = {isa = PBXBuildFile; productRef = FA50EAC32DEBF74600446224 /* JXSegmentedView */; };
		FA50EAC72DEBF79300446224 /* STTextView in Frameworks */ = {isa = PBXBuildFile; productRef = FA50EAC62DEBF79300446224 /* STTextView */; };
		FA50EAC92DEBF7A600446224 /* ZVRefreshing in Frameworks */ = {isa = PBXBuildFile; productRef = FA50EAC82DEBF7A600446224 /* ZVRefreshing */; };
		FA50EACB2DEBF7C200446224 /* Kingfisher in Frameworks */ = {isa = PBXBuildFile; productRef = FA50EACA2DEBF7C200446224 /* Kingfisher */; };
		FA50EACD2DEBF83500446224 /* Tiercel in Frameworks */ = {isa = PBXBuildFile; productRef = FA50EACC2DEBF83500446224 /* Tiercel */; };
		FA50EAD02DEBF8D000446224 /* SwiftyJSON in Frameworks */ = {isa = PBXBuildFile; productRef = FA50EACF2DEBF8D000446224 /* SwiftyJSON */; };
		FA50EAD32DEBF90800446224 /* ScreenshotPreventing in Frameworks */ = {isa = PBXBuildFile; productRef = FA50EAD22DEBF90800446224 /* ScreenshotPreventing */; };
		FA50EAD62DEBF96000446224 /* AHDownloadButton in Frameworks */ = {isa = PBXBuildFile; productRef = FA50EAD52DEBF96000446224 /* AHDownloadButton */; };
		FA57E0742C46A64800602342 /* AntPlayerHTests.swift in Sources */ = {isa = PBXBuildFile; fileRef = FA57E0732C46A64800602342 /* AntPlayerHTests.swift */; };
		FA57E07E2C46A64800602342 /* AntPlayerHUITests.swift in Sources */ = {isa = PBXBuildFile; fileRef = FA57E07D2C46A64800602342 /* AntPlayerHUITests.swift */; };
		FA57E0802C46A64800602342 /* AntPlayerHUITestsLaunchTests.swift in Sources */ = {isa = PBXBuildFile; fileRef = FA57E07F2C46A64800602342 /* AntPlayerHUITestsLaunchTests.swift */; };
		FAAA86B12C6B3C9C00D4E23D /* CoreText.framework in Frameworks */ = {isa = PBXBuildFile; fileRef = FAAA86B02C6B3C9B00D4E23D /* CoreText.framework */; };
		FABDEBB62C4F7DFD0049CD4E /* AudioToolbox.framework in Frameworks */ = {isa = PBXBuildFile; fileRef = FABDEBB52C4F7DFC0049CD4E /* AudioToolbox.framework */; };
		FABDEBB82C4F7E050049CD4E /* AVFoundation.framework in Frameworks */ = {isa = PBXBuildFile; fileRef = FABDEBB72C4F7E050049CD4E /* AVFoundation.framework */; };
		FABDEBBA2C4F7E0A0049CD4E /* CoreGraphics.framework in Frameworks */ = {isa = PBXBuildFile; fileRef = FABDEBB92C4F7E0A0049CD4E /* CoreGraphics.framework */; };
		FABDEBBC2C4F7E100049CD4E /* CoreMedia.framework in Frameworks */ = {isa = PBXBuildFile; fileRef = FABDEBBB2C4F7E100049CD4E /* CoreMedia.framework */; };
		FABDEBBE2C4F7E150049CD4E /* CoreVideo.framework in Frameworks */ = {isa = PBXBuildFile; fileRef = FABDEBBD2C4F7E140049CD4E /* CoreVideo.framework */; };
		FABDEBC02C4F7E1D0049CD4E /* libbz2.tbd in Frameworks */ = {isa = PBXBuildFile; fileRef = FABDEBBF2C4F7E1C0049CD4E /* libbz2.tbd */; };
		FABDEBC22C4F7E220049CD4E /* libz.tbd in Frameworks */ = {isa = PBXBuildFile; fileRef = FABDEBC12C4F7E210049CD4E /* libz.tbd */; };
		FABDEBC42C4F7E270049CD4E /* MediaPlayer.framework in Frameworks */ = {isa = PBXBuildFile; fileRef = FABDEBC32C4F7E270049CD4E /* MediaPlayer.framework */; };
		FABDEBC62C4F7E2D0049CD4E /* MobileCoreServices.framework in Frameworks */ = {isa = PBXBuildFile; fileRef = FABDEBC52C4F7E2D0049CD4E /* MobileCoreServices.framework */; };
		FABDEBC82C4F7E320049CD4E /* OpenGLES.framework in Frameworks */ = {isa = PBXBuildFile; fileRef = FABDEBC72C4F7E310049CD4E /* OpenGLES.framework */; };
		FABDEBCA2C4F7E370049CD4E /* QuartzCore.framework in Frameworks */ = {isa = PBXBuildFile; fileRef = FABDEBC92C4F7E360049CD4E /* QuartzCore.framework */; };
		FABDEBCC2C4F7E3C0049CD4E /* VideoToolbox.framework in Frameworks */ = {isa = PBXBuildFile; fileRef = FABDEBCB2C4F7E3B0049CD4E /* VideoToolbox.framework */; };
		FACD2ED92DE9E899000E071B /* IJKMediaFramework.framework in Frameworks */ = {isa = PBXBuildFile; fileRef = FACD2ED22DE9E880000E071B /* IJKMediaFramework.framework */; };
		FAE5308E2C4F807500DA1832 /* libc++.tbd in Frameworks */ = {isa = PBXBuildFile; fileRef = FAE5308D2C4F807500DA1832 /* libc++.tbd */; };
		FAFD3C1F2C5E1CC9003E8B84 /* Security.framework in Frameworks */ = {isa = PBXBuildFile; fileRef = FAFD3C1E2C5E1CC8003E8B84 /* Security.framework */; };
		FAFD3C212C5E1CCE003E8B84 /* SystemConfiguration.framework in Frameworks */ = {isa = PBXBuildFile; fileRef = FAFD3C202C5E1CCE003E8B84 /* SystemConfiguration.framework */; };
		FAFD3C232C5E1CD8003E8B84 /* CoreTelephony.framework in Frameworks */ = {isa = PBXBuildFile; fileRef = FAFD3C222C5E1CD8003E8B84 /* CoreTelephony.framework */; };
		FAFD3C252C5E1CE0003E8B84 /* ImageIO.framework in Frameworks */ = {isa = PBXBuildFile; fileRef = FAFD3C242C5E1CDF003E8B84 /* ImageIO.framework */; };
		FAFD3C272C5E1CEF003E8B84 /* Accelerate.framework in Frameworks */ = {isa = PBXBuildFile; fileRef = FAFD3C262C5E1CEF003E8B84 /* Accelerate.framework */; };
		FAFD3C292C5E1CF6003E8B84 /* WebKit.framework in Frameworks */ = {isa = PBXBuildFile; fileRef = FAFD3C282C5E1CF6003E8B84 /* WebKit.framework */; };
/* End PBXBuildFile section */

/* Begin PBXContainerItemProxy section */
		FA57E0702C46A64800602342 /* PBXContainerItemProxy */ = {
			isa = PBXContainerItemProxy;
			containerPortal = FA57E04E2C46A64600602342 /* Project object */;
			proxyType = 1;
			remoteGlobalIDString = FA57E0552C46A64600602342;
			remoteInfo = AntPlayerH;
		};
		FA57E07A2C46A64800602342 /* PBXContainerItemProxy */ = {
			isa = PBXContainerItemProxy;
			containerPortal = FA57E04E2C46A64600602342 /* Project object */;
			proxyType = 1;
			remoteGlobalIDString = FA57E0552C46A64600602342;
			remoteInfo = AntPlayerH;
		};
		FACD2ED12DE9E880000E071B /* PBXContainerItemProxy */ = {
			isa = PBXContainerItemProxy;
			containerPortal = FACD2EC92DE9E87F000E071B /* IJKMediaPlayer.xcodeproj */;
			proxyType = 2;
			remoteGlobalIDString = E654EA8A1B6B27E600B0F2D0;
			remoteInfo = IJKMediaFramework;
		};
		FACD2ED32DE9E880000E071B /* PBXContainerItemProxy */ = {
			isa = PBXContainerItemProxy;
			containerPortal = FACD2EC92DE9E87F000E071B /* IJKMediaPlayer.xcodeproj */;
			proxyType = 2;
			remoteGlobalIDString = 5450B0431E63EA4300568494;
			remoteInfo = IJKMediaFrameworkWithSSL;
		};
		FACD2ED52DE9E880000E071B /* PBXContainerItemProxy */ = {
			isa = PBXContainerItemProxy;
			containerPortal = FACD2EC92DE9E87F000E071B /* IJKMediaPlayer.xcodeproj */;
			proxyType = 2;
			remoteGlobalIDString = E654EA941B6B27E600B0F2D0;
			remoteInfo = IJKMediaFrameworkTests;
		};
		FACD2ED72DE9E88D000E071B /* PBXContainerItemProxy */ = {
			isa = PBXContainerItemProxy;
			containerPortal = FACD2EC92DE9E87F000E071B /* IJKMediaPlayer.xcodeproj */;
			proxyType = 1;
			remoteGlobalIDString = E654EA891B6B27E600B0F2D0;
			remoteInfo = IJKMediaFramework;
		};
/* End PBXContainerItemProxy section */

/* Begin PBXFileReference section */
		BC0A904D06158A31EECF5674 /* Pods_AntPlayerHTests.framework */ = {isa = PBXFileReference; explicitFileType = wrapper.framework; includeInIndex = 0; path = Pods_AntPlayerHTests.framework; sourceTree = BUILT_PRODUCTS_DIR; };
		C3A704E042F8AE21029A47EF /* Pods_AntPlayerH.framework */ = {isa = PBXFileReference; explicitFileType = wrapper.framework; includeInIndex = 0; path = Pods_AntPlayerH.framework; sourceTree = BUILT_PRODUCTS_DIR; };
		F16FAB39D4560FC130225F6E /* Pods_AntPlayerH_AntPlayerHUITests.framework */ = {isa = PBXFileReference; explicitFileType = wrapper.framework; includeInIndex = 0; path = Pods_AntPlayerH_AntPlayerHUITests.framework; sourceTree = BUILT_PRODUCTS_DIR; };
		FA57E0562C46A64600602342 /* AntPlayerH.app */ = {isa = PBXFileReference; explicitFileType = wrapper.application; includeInIndex = 0; path = AntPlayerH.app; sourceTree = BUILT_PRODUCTS_DIR; };
		FA57E06F2C46A64800602342 /* AntPlayerHTests.xctest */ = {isa = PBXFileReference; explicitFileType = wrapper.cfbundle; includeInIndex = 0; path = AntPlayerHTests.xctest; sourceTree = BUILT_PRODUCTS_DIR; };
		FA57E0732C46A64800602342 /* AntPlayerHTests.swift */ = {isa = PBXFileReference; lastKnownFileType = sourcecode.swift; path = AntPlayerHTests.swift; sourceTree = "<group>"; };
		FA57E0792C46A64800602342 /* AntPlayerHUITests.xctest */ = {isa = PBXFileReference; explicitFileType = wrapper.cfbundle; includeInIndex = 0; path = AntPlayerHUITests.xctest; sourceTree = BUILT_PRODUCTS_DIR; };
		FA57E07D2C46A64800602342 /* AntPlayerHUITests.swift */ = {isa = PBXFileReference; lastKnownFileType = sourcecode.swift; path = AntPlayerHUITests.swift; sourceTree = "<group>"; };
		FA57E07F2C46A64800602342 /* AntPlayerHUITestsLaunchTests.swift */ = {isa = PBXFileReference; lastKnownFileType = sourcecode.swift; path = AntPlayerHUITestsLaunchTests.swift; sourceTree = "<group>"; };
		FAAA86B02C6B3C9B00D4E23D /* CoreText.framework */ = {isa = PBXFileReference; lastKnownFileType = wrapper.framework; name = CoreText.framework; path = System/Library/Frameworks/CoreText.framework; sourceTree = SDKROOT; };
		FABDEBB52C4F7DFC0049CD4E /* AudioToolbox.framework */ = {isa = PBXFileReference; lastKnownFileType = wrapper.framework; name = AudioToolbox.framework; path = System/Library/Frameworks/AudioToolbox.framework; sourceTree = SDKROOT; };
		FABDEBB72C4F7E050049CD4E /* AVFoundation.framework */ = {isa = PBXFileReference; lastKnownFileType = wrapper.framework; name = AVFoundation.framework; path = System/Library/Frameworks/AVFoundation.framework; sourceTree = SDKROOT; };
		FABDEBB92C4F7E0A0049CD4E /* CoreGraphics.framework */ = {isa = PBXFileReference; lastKnownFileType = wrapper.framework; name = CoreGraphics.framework; path = System/Library/Frameworks/CoreGraphics.framework; sourceTree = SDKROOT; };
		FABDEBBB2C4F7E100049CD4E /* CoreMedia.framework */ = {isa = PBXFileReference; lastKnownFileType = wrapper.framework; name = CoreMedia.framework; path = System/Library/Frameworks/CoreMedia.framework; sourceTree = SDKROOT; };
		FABDEBBD2C4F7E140049CD4E /* CoreVideo.framework */ = {isa = PBXFileReference; lastKnownFileType = wrapper.framework; name = CoreVideo.framework; path = System/Library/Frameworks/CoreVideo.framework; sourceTree = SDKROOT; };
		FABDEBBF2C4F7E1C0049CD4E /* libbz2.tbd */ = {isa = PBXFileReference; lastKnownFileType = "sourcecode.text-based-dylib-definition"; name = libbz2.tbd; path = usr/lib/libbz2.tbd; sourceTree = SDKROOT; };
		FABDEBC12C4F7E210049CD4E /* libz.tbd */ = {isa = PBXFileReference; lastKnownFileType = "sourcecode.text-based-dylib-definition"; name = libz.tbd; path = usr/lib/libz.tbd; sourceTree = SDKROOT; };
		FABDEBC32C4F7E270049CD4E /* MediaPlayer.framework */ = {isa = PBXFileReference; lastKnownFileType = wrapper.framework; name = MediaPlayer.framework; path = System/Library/Frameworks/MediaPlayer.framework; sourceTree = SDKROOT; };
		FABDEBC52C4F7E2D0049CD4E /* MobileCoreServices.framework */ = {isa = PBXFileReference; lastKnownFileType = wrapper.framework; name = MobileCoreServices.framework; path = System/Library/Frameworks/MobileCoreServices.framework; sourceTree = SDKROOT; };
		FABDEBC72C4F7E310049CD4E /* OpenGLES.framework */ = {isa = PBXFileReference; lastKnownFileType = wrapper.framework; name = OpenGLES.framework; path = System/Library/Frameworks/OpenGLES.framework; sourceTree = SDKROOT; };
		FABDEBC92C4F7E360049CD4E /* QuartzCore.framework */ = {isa = PBXFileReference; lastKnownFileType = wrapper.framework; name = QuartzCore.framework; path = System/Library/Frameworks/QuartzCore.framework; sourceTree = SDKROOT; };
		FABDEBCB2C4F7E3B0049CD4E /* VideoToolbox.framework */ = {isa = PBXFileReference; lastKnownFileType = wrapper.framework; name = VideoToolbox.framework; path = System/Library/Frameworks/VideoToolbox.framework; sourceTree = SDKROOT; };
		FABDEBD42C4F7EB00049CD4E /* CoreAudio.framework */ = {isa = PBXFileReference; lastKnownFileType = wrapper.framework; name = CoreAudio.framework; path = System/Library/Frameworks/CoreAudio.framework; sourceTree = SDKROOT; };
		FABDEBD52C4F7EB10049CD4E /* CoreAudioTypes.framework */ = {isa = PBXFileReference; lastKnownFileType = wrapper.framework; name = CoreAudioTypes.framework; path = System/Library/Frameworks/CoreAudioTypes.framework; sourceTree = SDKROOT; };
		FACD2EC92DE9E87F000E071B /* IJKMediaPlayer.xcodeproj */ = {isa = PBXFileReference; lastKnownFileType = "wrapper.pb-project"; name = IJKMediaPlayer.xcodeproj; path = "/Users/i564407/Documents/GitHub/ijkplayer/ijkplayer-ios/ios/IJKMediaPlayer/IJKMediaPlayer.xcodeproj"; sourceTree = "<absolute>"; };
		FAE5308D2C4F807500DA1832 /* libc++.tbd */ = {isa = PBXFileReference; lastKnownFileType = "sourcecode.text-based-dylib-definition"; name = "libc++.tbd"; path = "usr/lib/libc++.tbd"; sourceTree = SDKROOT; };
		FAFD3C1E2C5E1CC8003E8B84 /* Security.framework */ = {isa = PBXFileReference; lastKnownFileType = wrapper.framework; name = Security.framework; path = System/Library/Frameworks/Security.framework; sourceTree = SDKROOT; };
		FAFD3C202C5E1CCE003E8B84 /* SystemConfiguration.framework */ = {isa = PBXFileReference; lastKnownFileType = wrapper.framework; name = SystemConfiguration.framework; path = System/Library/Frameworks/SystemConfiguration.framework; sourceTree = SDKROOT; };
		FAFD3C222C5E1CD8003E8B84 /* CoreTelephony.framework */ = {isa = PBXFileReference; lastKnownFileType = wrapper.framework; name = CoreTelephony.framework; path = System/Library/Frameworks/CoreTelephony.framework; sourceTree = SDKROOT; };
		FAFD3C242C5E1CDF003E8B84 /* ImageIO.framework */ = {isa = PBXFileReference; lastKnownFileType = wrapper.framework; name = ImageIO.framework; path = System/Library/Frameworks/ImageIO.framework; sourceTree = SDKROOT; };
		FAFD3C262C5E1CEF003E8B84 /* Accelerate.framework */ = {isa = PBXFileReference; lastKnownFileType = wrapper.framework; name = Accelerate.framework; path = System/Library/Frameworks/Accelerate.framework; sourceTree = SDKROOT; };
		FAFD3C282C5E1CF6003E8B84 /* WebKit.framework */ = {isa = PBXFileReference; lastKnownFileType = wrapper.framework; name = WebKit.framework; path = System/Library/Frameworks/WebKit.framework; sourceTree = SDKROOT; };
/* End PBXFileReference section */

/* Begin PBXFileSystemSynchronizedBuildFileExceptionSet section */
		FA4E5D592DCDDA7D008F153E /* PBXFileSystemSynchronizedBuildFileExceptionSet */ = {
			isa = PBXFileSystemSynchronizedBuildFileExceptionSet;
			membershipExceptions = (
				AntPlayerH.xcdatamodeld,
				AppDelegate.swift,
				Assets.xcassets,
				"Extension/App+Common.swift",
				"Extension/Color+App.swift",
				"Extension/Color+Extension.swift",
				"Extension/Data+extension.swift",
				"Extension/Date+formatted.swift",
				"Extension/Double+Exension.swift",
				"Extension/Font+Extension.swift",
				Extension/Notifications.swift,
				"Extension/NSAttributedString+Extension.swift",
				"Extension/String+Extension.swift",
				Extension/SystemDeviceConfig.swift,
				"Extension/UIApplication+Extension.swift",
				"Extension/UIImage+Extension.swift",
				"Extension/UIView+Extension.swift",
				"Extension/UIViewController+Extension.swift",
				"Extension/URL+Extension.swift",
				Feature/Base/BaseViewController.swift,
				Feature/Base/FileUploadServer.swift,
				Feature/Base/NavigationBarManager.swift,
				Feature/Course/Alert/CourseBottomActionController.swift,
				Feature/Course/Alert/CourseBottomCell.swift,
				Feature/Course/Alert/CourseBottomHeaderView.swift,
				Feature/Course/Alert/NetworkTransferContentView.swift,
				Feature/Course/Alert/SortAlertView.swift,
				Feature/Course/Alert/VideoSelectionPopupView.swift,
				Feature/Course/CourseSearchView.swift,
				Feature/Course/CourseViewController.swift,
				Feature/Course/CourseViewModel.swift,
				Feature/Course/DownloadCoursesViewController.swift,
				Feature/Course/MyAVPlayerViewController.swift,
				Feature/Course/SecertFile/attribute.c,
				Feature/Course/SecertFile/file_md5.c,
				Feature/Course/VideoLoader.swift,
				Feature/Course/View/CourseInfoCell.swift,
				Feature/Course/View/CourseSectionHeaderView.swift,
				Feature/Course/View/SortingHeaderView.swift,
				Feature/Home/HomeViewController.swift,
				Feature/Launch/LaunchViewController.swift,
				Feature/Login/CustomSegmentedControl.swift,
				Feature/Login/CustomTextField.swift,
				Feature/Login/LoginViewController.swift,
				Feature/Login/ViewModel/LoginManager.swift,
				Feature/Login/ViewModel/LoginViewModel.swift,
				Feature/Mine/AboutAnt/AboutAntViewController.swift,
				Feature/Mine/AboutApp/AboutAppViewController.swift,
				Feature/Mine/DeviceManagement/DeviceManagementViewController.swift,
				Feature/Mine/DeviceManagement/view/DeviceManagementHeaderView.swift,
				Feature/Mine/DeviceManagement/view/DeviceTableViewCell.swift,
				Feature/Mine/Feedback/ContactInfoCell.swift,
				Feature/Mine/Feedback/FeedbackOptionCell.swift,
				Feature/Mine/Feedback/FeedbackTextViewCell.swift,
				Feature/Mine/Feedback/FeedBackViewController.swift,
				Feature/Mine/Feedback/FeedbackViewModel.swift,
				Feature/Mine/Feedback/ImagePickerView.swift,
				Feature/Mine/HelpCenter/HelpCenterViewController.swift,
				Feature/Mine/IdentityVerification/CustomerTextField.swift,
				Feature/Mine/IdentityVerification/IdentityVerificationViewController.swift,
				Feature/Mine/IdentityVerification/View/Alert/VerificationPopuoTwoView.swift,
				Feature/Mine/IdentityVerification/View/Alert/VerificationPopupOneView.swift,
				Feature/Mine/IdentityVerification/View/Alert/VerificationPopupThreeView.swift,
				Feature/Mine/IdentityVerification/View/IDCardView.swift,
				Feature/Mine/IdentityVerification/ViewModel/FaceViewModel.swift,
				Feature/Mine/IdentityVerification/WBFaceViewController.swift,
				Feature/Mine/Manager/MineHeaderViewManager.swift,
				Feature/Mine/Manager/MineTableViewManager.swift,
				Feature/Mine/MineViewController.swift,
				Feature/Mine/SoftwareSettings/SoftwareSettingsViewController.swift,
				Feature/Mine/View/CustomTableViewCell.swift,
				Feature/Mine/View/ImageTextView.swift,
				Feature/Profile/ProfileViewController.swift,
				Feature/Settings/SettingsViewController.swift,
				Feature/Speech/SpeechViewController.swift,
				Feature/Tabbar/MainTabBarController.swift,
				Feature/Video/Alert/AdpopupView.swift,
				Feature/Video/Alert/ConnectTeacherPopupView.swift,
				Feature/Video/Alert/QuestionCell.swift,
				Feature/Video/Alert/QuestionOptionView.swift,
				Feature/Video/Barrage/BarrageController.swift,
				Feature/Video/CourseDetail/CourseDetailView.swift,
				Feature/Video/CourseDetail/CoursePlayerDetailCell.swift,
				Feature/Video/CourseDetail/CoursePlayerSectionHeaderView.swift,
				Feature/Video/CourseDetail/CourseTableHeaderView.swift,
				Feature/Video/DataSource/PlayerSegmentedTitleDataSource.swift,
				Feature/Video/IJKMediaControl.swift,
				Feature/Video/LoadDataCustomListViewController.swift,
				Feature/Video/PersonalNotes/AddPersonalNoteView.swift,
				Feature/Video/PersonalNotes/NoteCell.swift,
				Feature/Video/PersonalNotes/PersonalNoteBottomView.swift,
				Feature/Video/PersonalNotes/PersonalNotesView.swift,
				Feature/Video/Player/VideoPlayer.swift,
				Feature/Video/PlayerAINotes/PlayerAINotesView.swift,
				Feature/Video/PlayerBulletComments/BulletCommentInputView.swift,
				Feature/Video/PlayerBulletComments/BulletSettingView.swift,
				Feature/Video/PlayerBulletComments/ColorCollectionView.swift,
				Feature/Video/PlayerBulletComments/PlayerBulletCommentsView.swift,
				Feature/Video/PlayerComments/BottomView.swift,
				Feature/Video/PlayerComments/CommentCell.swift,
				Feature/Video/PlayerComments/PlayerCommentsView.swift,
				Feature/Video/Protocol/VideoProtocol.swift,
				"Feature/Video/VideoPlayerViewController+IJKMediaControlDelegate.swift",
				"Feature/Video/VideoPlayerViewController+VideoViewModelDelegate.swift",
				Feature/Video/VideoViewController.swift,
				"Feature/Video/VideoViewController+JXSegmentedViewDelegate.swift",
				"Feature/Video/VideoViewController+VideoPlayerDelegate.swift",
				Feature/Video/View/AdverView.swift,
				Feature/Video/View/AIWaterView.swift,
				Feature/Video/View/CustomBottomSheetViewController.swift,
				Feature/Video/View/MyRichTextEditorController.swift,
				Feature/Video/View/PlayerDetailView.swift,
				Feature/Video/View/SubtitleView.swift,
				Feature/Video/View/VideoControlsView.swift,
				Feature/Video/View/VideoTitlesView.swift,
				Feature/Video/ViewModel/VideoViewModel.swift,
				Feature/WebView/SafariViewController.swift,
				Feature/WebView/WebViewController.swift,
				MockDataResource/ad_add_data.json,
				MockDataResource/biz_courseBarrage_addToStudent.json,
				MockDataResource/biz_courseBarrage_getByCourseInfo.json,
				MockDataResource/biz_courseComment_addToStudent.json,
				MockDataResource/biz_courseComment_studentGetByCourseInfoId.json,
				MockDataResource/biz_courseComment_studentLikeOrUnlike.json,
				MockDataResource/biz_courseInfo_getAINote.json,
				MockDataResource/biz_courseInfo_getOnlineCourseUrl.json,
				MockDataResource/biz_courseInfo_getVideoExt.json,
				MockDataResource/biz_courseInfo_loadCourseByLocal.json,
				MockDataResource/biz_courseInfo_loadCourseByOnlineCourse.json,
				MockDataResource/biz_courseInfo_onlineCourseDownloadCallback.json,
				MockDataResource/biz_courseInfo_playerListInfo.json,
				MockDataResource/biz_courseInfo_searchCourseByOnlineCourse.json,
				MockDataResource/biz_courseNote_add.json,
				MockDataResource/biz_courseNote_edit.json,
				MockDataResource/biz_courseNote_info.json,
				MockDataResource/biz_courseNote_studentByCourseInfoIdAllOpenNote.json,
				MockDataResource/biz_courseNote_studentByCourseInfoIdToMySelf.json,
				MockDataResource/biz_coursePlayRecord_payRecord.json,
				MockDataResource/biz_deviceInfo_bindDevice.json,
				MockDataResource/biz_deviceInfo_delDeviceByStuden.json,
				MockDataResource/biz_deviceInfo_queryDevicesByStudent.json,
				MockDataResource/biz_feedbackMsg_feedback.json,
				MockDataResource/biz_questionAnswerRecord_answer.json,
				MockDataResource/biz_student_playCourseInit.json,
				MockDataResource/biz_student_playCourseInitExt.json,
				MockDataResource/biz_student_playerGetCourseCatalogById.json,
				MockDataResource/biz_student_playerGetMerchantInfo.json,
				MockDataResource/biz_student_playerInitConfig.json,
				MockDataResource/biz_userAdvise_add.json,
				MockDataResource/biz_userRealname_checkFaceCallback.json,
				MockDataResource/biz_userRealname_checkFaceStatusByTx.json,
				MockDataResource/biz_userRealname_getFaceSdkSign.json,
				MockDataResource/biz_userRealname_getRealSDKSign.json,
				MockDataResource/biz_userRealname_getRealStatus.json,
				MockDataResource/biz_userRealname_uploadSfz.json,
				MockDataResource/biz_videoCaptureRecord_screenshot.json,
				MockDataResource/getUser.json,
				MockDataResource/mock_file_script.sh,
				MockDataResource/mock_routes.json,
				MockDataResource/playsdk_appInitSdk.json,
				MockDataResource/playsdk_getSdkErrorMsg.json,
				MockDataResource/sys_attachInfo_getBizCode.json,
				MockDataResource/sys_attachInfo_uploadCred.json,
				MockDataResource/sys_common_uploadV2.json,
				MockDataResource/sys_getPwdKey.json,
				MockDataResource/sys_login.json,
				MockDataResource/sys_loginPhone.json,
				MockDataResource/sys_loginPhoneSms.json,
				MockDataResource/sys_logout.json,
				MockDataResource/sys_softwareVersion_initVersionKey.json,
				MockDataResource/sys_softwareVersion_upgradeInfo.json,
				MockDataResource/sys_sysConfig_aboutAppToApp.json,
				MockDataResource/sys_sysConfig_aboutNiudunToApp.json,
				MockDataResource/sys_sysConfig_getConfigByApp.json,
				MockDataResource/sys_sysConfig_playerGetLoginConfig.json,
				MockDataResource/sys_user_bindPhone.json,
				MockDataResource/sys_user_bindPhoneSmsCode.json,
				MockDataResource/sys_user_getUserSig.json,
				MockDataResource/three_txim_init.json,
				MockDataResource/user.json,
				Network/Base/APIEnvironment.swift,
				Network/Base/ApiResponse.swift,
				Network/Base/CachePolicyPlugin.swift,
				Network/Base/CustomNetworkLoggerPlugin.swift,
				Network/Base/HeaderPlugin.swift,
				Network/Base/MockDataPlugin.swift,
				Network/Base/NetworkError.swift,
				Network/Base/NetworkManager.swift,
				Network/Mock/JSONLoader.swift,
				Network/Mock/MockRoute.swift,
				Network/Service/V1/Ads/AdManager.swift,
				Network/Service/V1/Ads/AdService.swift,
				Network/Service/V1/AppConfig/AppConfigManager.swift,
				Network/Service/V1/AppConfig/AppConfigService.swift,
				Network/Service/V1/Auth/AuthManager.swift,
				Network/Service/V1/Auth/AuthService.swift,
				Network/Service/V1/Auth/TokenManager.swift,
				Network/Service/V1/Auth/UserManager.swift,
				Network/Service/V1/CommentNote/CommentNoteManager.swift,
				Network/Service/V1/CommentNote/CommentNoteService.swift,
				Network/Service/V1/Course/CourseManager.swift,
				Network/Service/V1/Course/CourseService.swift,
				Network/Service/V1/Device/DeviceManager.swift,
				Network/Service/V1/Device/DeviceService.swift,
				Network/Service/V1/Feedback/FeedbackManager.swift,
				Network/Service/V1/Feedback/FeedbackService.swift,
				Network/Service/V1/File/FileDownloadManager.swift,
				Network/Service/V1/File/FileUploadManager.swift,
				Network/Service/V1/File/FileUploadService.swift,
				Network/Service/V1/IM/IMManager.swift,
				Network/Service/V1/IM/IMService.swift,
				Network/Service/V1/Interaction/InteractionManager.swift,
				Network/Service/V1/Interaction/InteractionService.swift,
				Network/Service/V1/IP/IPManager.swift,
				Network/Service/V1/SDK/SDKManager.swift,
				Network/Service/V1/SDK/SDKService.swift,
				Network/Service/V1/User/UserService.swift,
				SceneDelegate.swift,
				UIComponent/Alert/CustomPopupView.swift,
				UIComponent/Common/CustomSlider.swift,
				UIComponent/Common/EmptyView.swift,
				UIComponent/Common/LoadingView.swift,
				UIComponent/Common/pop/PopDefaultView.swift,
				UIComponent/Common/pop/PopupView.swift,
				UIComponent/Common/systemAlertmanager.swift,
				UIComponent/Router/AppRouter.swift,
				UIComponent/Router/Router.swift,
				UIComponent/Util/PhotoPicker.swift,
				UIComponent/Util/ToastUtil.swift,
				UIComponent/ZSSRichTextEditor/Source/editor.html,
				UIComponent/ZSSRichTextEditor/Source/flag.png,
				UIComponent/ZSSRichTextEditor/Source/Images/ZSSbgcolor.png,
				"UIComponent/ZSSRichTextEditor/Source/Images/ZSSbgcolor@2x.png",
				UIComponent/ZSSRichTextEditor/Source/Images/ZSSbold.png,
				"UIComponent/ZSSRichTextEditor/Source/Images/ZSSbold@2x.png",
				UIComponent/ZSSRichTextEditor/Source/Images/ZSScenterjustify.png,
				"UIComponent/ZSSRichTextEditor/Source/Images/ZSScenterjustify@2x.png",
				UIComponent/ZSSRichTextEditor/Source/Images/ZSSclearstyle.png,
				"UIComponent/ZSSRichTextEditor/Source/Images/ZSSclearstyle@2x.png",
				UIComponent/ZSSRichTextEditor/Source/Images/ZSSfonts.png,
				"UIComponent/ZSSRichTextEditor/Source/Images/ZSSfonts@2x.png",
				UIComponent/ZSSRichTextEditor/Source/Images/ZSSforcejustify.png,
				"UIComponent/ZSSRichTextEditor/Source/Images/ZSSforcejustify@2x.png",
				UIComponent/ZSSRichTextEditor/Source/Images/ZSSh1.png,
				"UIComponent/ZSSRichTextEditor/Source/Images/ZSSh1@2x.png",
				UIComponent/ZSSRichTextEditor/Source/Images/ZSSh2.png,
				"UIComponent/ZSSRichTextEditor/Source/Images/ZSSh2@2x.png",
				UIComponent/ZSSRichTextEditor/Source/Images/ZSSh3.png,
				"UIComponent/ZSSRichTextEditor/Source/Images/ZSSh3@2x.png",
				UIComponent/ZSSRichTextEditor/Source/Images/ZSSh4.png,
				"UIComponent/ZSSRichTextEditor/Source/Images/ZSSh4@2x.png",
				UIComponent/ZSSRichTextEditor/Source/Images/ZSSh5.png,
				"UIComponent/ZSSRichTextEditor/Source/Images/ZSSh5@2x.png",
				UIComponent/ZSSRichTextEditor/Source/Images/ZSSh6.png,
				"UIComponent/ZSSRichTextEditor/Source/Images/ZSSh6@2x.png",
				UIComponent/ZSSRichTextEditor/Source/Images/ZSShorizontalrule.png,
				"UIComponent/ZSSRichTextEditor/Source/Images/ZSShorizontalrule@2x.png",
				UIComponent/ZSSRichTextEditor/Source/Images/ZSSimage.png,
				"UIComponent/ZSSRichTextEditor/Source/Images/ZSSimage@2x.png",
				UIComponent/ZSSRichTextEditor/Source/Images/ZSSimageDevice.png,
				"UIComponent/ZSSRichTextEditor/Source/Images/ZSSimageDevice@2x.png",
				UIComponent/ZSSRichTextEditor/Source/Images/ZSSindent.png,
				"UIComponent/ZSSRichTextEditor/Source/Images/ZSSindent@2x.png",
				UIComponent/ZSSRichTextEditor/Source/Images/ZSSinsertkeyword.png,
				"UIComponent/ZSSRichTextEditor/Source/Images/ZSSinsertkeyword@2x.png",
				UIComponent/ZSSRichTextEditor/Source/Images/ZSSitalic.png,
				"UIComponent/ZSSRichTextEditor/Source/Images/ZSSitalic@2x.png",
				UIComponent/ZSSRichTextEditor/Source/Images/ZSSkeyboard.png,
				"UIComponent/ZSSRichTextEditor/Source/Images/ZSSkeyboard@2x.png",
				UIComponent/ZSSRichTextEditor/Source/Images/ZSSleftjustify.png,
				"UIComponent/ZSSRichTextEditor/Source/Images/ZSSleftjustify@2x.png",
				UIComponent/ZSSRichTextEditor/Source/Images/ZSSlink.png,
				"UIComponent/ZSSRichTextEditor/Source/Images/ZSSlink@2x.png",
				UIComponent/ZSSRichTextEditor/Source/Images/ZSSorderedlist.png,
				"UIComponent/ZSSRichTextEditor/Source/Images/ZSSorderedlist@2x.png",
				UIComponent/ZSSRichTextEditor/Source/Images/ZSSoutdent.png,
				"UIComponent/ZSSRichTextEditor/Source/Images/ZSSoutdent@2x.png",
				UIComponent/ZSSRichTextEditor/Source/Images/ZSSparagraph.png,
				"UIComponent/ZSSRichTextEditor/Source/Images/ZSSparagraph@2x.png",
				UIComponent/ZSSRichTextEditor/Source/Images/ZSSpicker.png,
				"UIComponent/ZSSRichTextEditor/Source/Images/ZSSpicker@2x.png",
				UIComponent/ZSSRichTextEditor/Source/Images/ZSSquicklink.png,
				"UIComponent/ZSSRichTextEditor/Source/Images/ZSSquicklink@2x.png",
				UIComponent/ZSSRichTextEditor/Source/Images/ZSSredo.png,
				"UIComponent/ZSSRichTextEditor/Source/Images/ZSSredo@2x.png",
				UIComponent/ZSSRichTextEditor/Source/Images/ZSSrightjustify.png,
				"UIComponent/ZSSRichTextEditor/Source/Images/ZSSrightjustify@2x.png",
				UIComponent/ZSSRichTextEditor/Source/Images/ZSSstrikethrough.png,
				"UIComponent/ZSSRichTextEditor/Source/Images/ZSSstrikethrough@2x.png",
				UIComponent/ZSSRichTextEditor/Source/Images/ZSSsubscript.png,
				"UIComponent/ZSSRichTextEditor/Source/Images/ZSSsubscript@2x.png",
				UIComponent/ZSSRichTextEditor/Source/Images/ZSSsuperscript.png,
				"UIComponent/ZSSRichTextEditor/Source/Images/ZSSsuperscript@2x.png",
				UIComponent/ZSSRichTextEditor/Source/Images/ZSStable.png,
				"UIComponent/ZSSRichTextEditor/Source/Images/ZSStable@2x.png",
				UIComponent/ZSSRichTextEditor/Source/Images/ZSStextcolor.png,
				"UIComponent/ZSSRichTextEditor/Source/Images/ZSStextcolor@2x.png",
				UIComponent/ZSSRichTextEditor/Source/Images/ZSSunderline.png,
				"UIComponent/ZSSRichTextEditor/Source/Images/ZSSunderline@2x.png",
				UIComponent/ZSSRichTextEditor/Source/Images/ZSSundo.png,
				"UIComponent/ZSSRichTextEditor/Source/Images/ZSSundo@2x.png",
				UIComponent/ZSSRichTextEditor/Source/Images/ZSSunlink.png,
				"UIComponent/ZSSRichTextEditor/Source/Images/ZSSunlink@2x.png",
				UIComponent/ZSSRichTextEditor/Source/Images/ZSSunorderedlist.png,
				"UIComponent/ZSSRichTextEditor/Source/Images/ZSSunorderedlist@2x.png",
				UIComponent/ZSSRichTextEditor/Source/Images/ZSSviewsource.png,
				"UIComponent/ZSSRichTextEditor/Source/Images/ZSSviewsource@2x.png",
				UIComponent/ZSSRichTextEditor/Source/jQuery.js,
				UIComponent/ZSSRichTextEditor/Source/JSBeautifier.js,
				"UIComponent/ZSSRichTextEditor/Source/Third Party/CYRLayoutManager.m",
				"UIComponent/ZSSRichTextEditor/Source/Third Party/CYRTextStorage.m",
				"UIComponent/ZSSRichTextEditor/Source/Third Party/CYRTextView.m",
				"UIComponent/ZSSRichTextEditor/Source/Third Party/CYRToken.m",
				"UIComponent/ZSSRichTextEditor/Source/Third Party/HRBrightnessCursor.m",
				"UIComponent/ZSSRichTextEditor/Source/Third Party/HRCgUtil.m",
				"UIComponent/ZSSRichTextEditor/Source/Third Party/HRColorCursor.m",
				"UIComponent/ZSSRichTextEditor/Source/Third Party/HRColorPickerView.m",
				"UIComponent/ZSSRichTextEditor/Source/Third Party/HRColorPickerViewController.m",
				"UIComponent/ZSSRichTextEditor/Source/Third Party/HRColorUtil.m",
				UIComponent/ZSSRichTextEditor/Source/ZSSBarButtonItem.m,
				UIComponent/ZSSRichTextEditor/Source/ZSSFontsViewController.m,
				UIComponent/ZSSRichTextEditor/Source/ZSSRichTextEditor.js,
				UIComponent/ZSSRichTextEditor/Source/ZSSRichTextEditor.m,
				UIComponent/ZSSRichTextEditor/Source/ZSSTextView.m,
			);
			target = FA57E0552C46A64600602342 /* AntPlayerH */;
		};
/* End PBXFileSystemSynchronizedBuildFileExceptionSet section */

/* Begin PBXFileSystemSynchronizedGroupBuildPhaseMembershipExceptionSet section */
		FA4E5D5B2DCDDA7D008F153E /* PBXFileSystemSynchronizedGroupBuildPhaseMembershipExceptionSet */ = {
			isa = PBXFileSystemSynchronizedGroupBuildPhaseMembershipExceptionSet;
			buildPhase = FA57E0542C46A64600602342 /* Resources */;
			membershipExceptions = (
				Base.lproj/LaunchScreen.storyboard,
			);
		};
/* End PBXFileSystemSynchronizedGroupBuildPhaseMembershipExceptionSet section */

/* Begin PBXFileSystemSynchronizedRootGroup section */
		FA4E5C4E2DCDDA78008F153E /* AntPlayerH */ = {isa = PBXFileSystemSynchronizedRootGroup; exceptions = (FA4E5D592DCDDA7D008F153E /* PBXFileSystemSynchronizedBuildFileExceptionSet */, FA4E5D5B2DCDDA7D008F153E /* PBXFileSystemSynchronizedGroupBuildPhaseMembershipExceptionSet */, ); explicitFileTypes = {}; explicitFolders = (); path = AntPlayerH; sourceTree = "<group>"; };
/* End PBXFileSystemSynchronizedRootGroup section */

/* Begin PBXFrameworksBuildPhase section */
		FA57E0532C46A64600602342 /* Frameworks */ = {
			isa = PBXFrameworksBuildPhase;
			buildActionMask = 2147483647;
			files = (
				FACD2ED92DE9E899000E071B /* IJKMediaFramework.framework in Frameworks */,
				FABDEBBA2C4F7E0A0049CD4E /* CoreGraphics.framework in Frameworks */,
				FAAA86B12C6B3C9C00D4E23D /* CoreText.framework in Frameworks */,
				FA50EABC2DEBF6D500446224 /* XLActionController in Frameworks */,
				FAFD3C292C5E1CF6003E8B84 /* WebKit.framework in Frameworks */,
				FA50EAC72DEBF79300446224 /* STTextView in Frameworks */,
				FAFD3C272C5E1CEF003E8B84 /* Accelerate.framework in Frameworks */,
				FA50EACD2DEBF83500446224 /* Tiercel in Frameworks */,
				FA50EAC22DEBF73A00446224 /* Moya in Frameworks */,
				FAFD3C252C5E1CE0003E8B84 /* ImageIO.framework in Frameworks */,
				FA50EAD02DEBF8D000446224 /* SwiftyJSON in Frameworks */,
				FA50EAC42DEBF74600446224 /* JXSegmentedView in Frameworks */,
				FAFD3C232C5E1CD8003E8B84 /* CoreTelephony.framework in Frameworks */,
				FAFD3C212C5E1CCE003E8B84 /* SystemConfiguration.framework in Frameworks */,
				FA50EABE2DEBF6F100446224 /* SnapKit in Frameworks */,
				FAFD3C1F2C5E1CC9003E8B84 /* Security.framework in Frameworks */,
				FABDEBBE2C4F7E150049CD4E /* CoreVideo.framework in Frameworks */,
				FAE5308E2C4F807500DA1832 /* libc++.tbd in Frameworks */,
				FABDEBCC2C4F7E3C0049CD4E /* VideoToolbox.framework in Frameworks */,
				FABDEBCA2C4F7E370049CD4E /* QuartzCore.framework in Frameworks */,
				FABDEBC82C4F7E320049CD4E /* OpenGLES.framework in Frameworks */,
				FABDEBC62C4F7E2D0049CD4E /* MobileCoreServices.framework in Frameworks */,
				FABDEBC42C4F7E270049CD4E /* MediaPlayer.framework in Frameworks */,
				FABDEBC22C4F7E220049CD4E /* libz.tbd in Frameworks */,
				FABDEBC02C4F7E1D0049CD4E /* libbz2.tbd in Frameworks */,
				FA50EAC92DEBF7A600446224 /* ZVRefreshing in Frameworks */,
				FA50EACB2DEBF7C200446224 /* Kingfisher in Frameworks */,
				FABDEBBC2C4F7E100049CD4E /* CoreMedia.framework in Frameworks */,
				FABDEBB82C4F7E050049CD4E /* AVFoundation.framework in Frameworks */,
				FA50EAD62DEBF96000446224 /* AHDownloadButton in Frameworks */,
				FABDEBB62C4F7DFD0049CD4E /* AudioToolbox.framework in Frameworks */,
				FA50EAC02DEBF72600446224 /* Toast in Frameworks */,
				FA50EAD32DEBF90800446224 /* ScreenshotPreventing in Frameworks */,
			);
			runOnlyForDeploymentPostprocessing = 0;
		};
		FA57E06C2C46A64800602342 /* Frameworks */ = {
			isa = PBXFrameworksBuildPhase;
			buildActionMask = 2147483647;
			files = (
				D0B94F7A1C37F79BB1854A35 /* Pods_AntPlayerHTests.framework in Frameworks */,
			);
			runOnlyForDeploymentPostprocessing = 0;
		};
		FA57E0762C46A64800602342 /* Frameworks */ = {
			isa = PBXFrameworksBuildPhase;
			buildActionMask = 2147483647;
			files = (
				67C4DA28024296FE16CE1B6C /* Pods_AntPlayerH_AntPlayerHUITests.framework in Frameworks */,
			);
			runOnlyForDeploymentPostprocessing = 0;
		};
/* End PBXFrameworksBuildPhase section */

/* Begin PBXGroup section */
		8F18E1E32F2386182CE2282D /* Frameworks */ = {
			isa = PBXGroup;
			children = (
				FAAA86B02C6B3C9B00D4E23D /* CoreText.framework */,
				FAFD3C282C5E1CF6003E8B84 /* WebKit.framework */,
				FAFD3C262C5E1CEF003E8B84 /* Accelerate.framework */,
				FAFD3C242C5E1CDF003E8B84 /* ImageIO.framework */,
				FAFD3C222C5E1CD8003E8B84 /* CoreTelephony.framework */,
				FAFD3C202C5E1CCE003E8B84 /* SystemConfiguration.framework */,
				FAFD3C1E2C5E1CC8003E8B84 /* Security.framework */,
				FAE5308D2C4F807500DA1832 /* libc++.tbd */,
				FABDEBD42C4F7EB00049CD4E /* CoreAudio.framework */,
				FABDEBD52C4F7EB10049CD4E /* CoreAudioTypes.framework */,
				FABDEBCB2C4F7E3B0049CD4E /* VideoToolbox.framework */,
				FABDEBC92C4F7E360049CD4E /* QuartzCore.framework */,
				FABDEBC72C4F7E310049CD4E /* OpenGLES.framework */,
				FABDEBC52C4F7E2D0049CD4E /* MobileCoreServices.framework */,
				FABDEBC32C4F7E270049CD4E /* MediaPlayer.framework */,
				FABDEBC12C4F7E210049CD4E /* libz.tbd */,
				FABDEBBF2C4F7E1C0049CD4E /* libbz2.tbd */,
				FABDEBBD2C4F7E140049CD4E /* CoreVideo.framework */,
				FABDEBBB2C4F7E100049CD4E /* CoreMedia.framework */,
				FABDEBB92C4F7E0A0049CD4E /* CoreGraphics.framework */,
				FABDEBB72C4F7E050049CD4E /* AVFoundation.framework */,
				FABDEBB52C4F7DFC0049CD4E /* AudioToolbox.framework */,
				C3A704E042F8AE21029A47EF /* Pods_AntPlayerH.framework */,
				F16FAB39D4560FC130225F6E /* Pods_AntPlayerH_AntPlayerHUITests.framework */,
				BC0A904D06158A31EECF5674 /* Pods_AntPlayerHTests.framework */,
			);
			name = Frameworks;
			sourceTree = "<group>";
		};
		FA57E04D2C46A64600602342 = {
			isa = PBXGroup;
			children = (
				FACD2EC92DE9E87F000E071B /* IJKMediaPlayer.xcodeproj */,
				FA4E5C4E2DCDDA78008F153E /* AntPlayerH */,
				FA57E0722C46A64800602342 /* AntPlayerHTests */,
				FA57E07C2C46A64800602342 /* AntPlayerHUITests */,
				FA57E0572C46A64600602342 /* Products */,
				8F18E1E32F2386182CE2282D /* Frameworks */,
			);
			sourceTree = "<group>";
		};
		FA57E0572C46A64600602342 /* Products */ = {
			isa = PBXGroup;
			children = (
				FA57E0562C46A64600602342 /* AntPlayerH.app */,
				FA57E06F2C46A64800602342 /* AntPlayerHTests.xctest */,
				FA57E0792C46A64800602342 /* AntPlayerHUITests.xctest */,
			);
			name = Products;
			sourceTree = "<group>";
		};
		FA57E0722C46A64800602342 /* AntPlayerHTests */ = {
			isa = PBXGroup;
			children = (
				FA57E0732C46A64800602342 /* AntPlayerHTests.swift */,
			);
			path = AntPlayerHTests;
			sourceTree = "<group>";
		};
		FA57E07C2C46A64800602342 /* AntPlayerHUITests */ = {
			isa = PBXGroup;
			children = (
				FA57E07D2C46A64800602342 /* AntPlayerHUITests.swift */,
				FA57E07F2C46A64800602342 /* AntPlayerHUITestsLaunchTests.swift */,
			);
			path = AntPlayerHUITests;
			sourceTree = "<group>";
		};
		FACD2ECC2DE9E87F000E071B /* Products */ = {
			isa = PBXGroup;
			children = (
				FACD2ED22DE9E880000E071B /* IJKMediaFramework.framework */,
				FACD2ED42DE9E880000E071B /* IJKMediaFrameworkWithSSL.framework */,
				FACD2ED62DE9E880000E071B /* IJKMediaFrameworkTests.xctest */,
			);
			name = Products;
			sourceTree = "<group>";
		};
/* End PBXGroup section */

/* Begin PBXNativeTarget section */
		FA57E0552C46A64600602342 /* AntPlayerH */ = {
			isa = PBXNativeTarget;
			buildConfigurationList = FA57E0832C46A64800602342 /* Build configuration list for PBXNativeTarget "AntPlayerH" */;
			buildPhases = (
				F9C577A098537B96456C5A92 /* [CP] Check Pods Manifest.lock */,
				FA57E0522C46A64600602342 /* Sources */,
				FA57E0532C46A64600602342 /* Frameworks */,
				FA57E0542C46A64600602342 /* Resources */,
				303477EEEC111C2CFB654F82 /* [CP] Embed Pods Frameworks */,
				3762EBECBD8812CB7ABB15D4 /* [CP] Copy Pods Resources */,
			);
			buildRules = (
			);
			dependencies = (
				FACD2ED82DE9E88D000E071B /* PBXTargetDependency */,
			);
			name = AntPlayerH;
			productName = AntPlayerH;
			productReference = FA57E0562C46A64600602342 /* AntPlayerH.app */;
			productType = "com.apple.product-type.application";
		};
		FA57E06E2C46A64800602342 /* AntPlayerHTests */ = {
			isa = PBXNativeTarget;
			buildConfigurationList = FA57E0862C46A64800602342 /* Build configuration list for PBXNativeTarget "AntPlayerHTests" */;
			buildPhases = (
				1CFD0FC628FEC4BB69914401 /* [CP] Check Pods Manifest.lock */,
				FA57E06B2C46A64800602342 /* Sources */,
				FA57E06C2C46A64800602342 /* Frameworks */,
				FA57E06D2C46A64800602342 /* Resources */,
			);
			buildRules = (
			);
			dependencies = (
				FA57E0712C46A64800602342 /* PBXTargetDependency */,
			);
			name = AntPlayerHTests;
			productName = AntPlayerHTests;
			productReference = FA57E06F2C46A64800602342 /* AntPlayerHTests.xctest */;
			productType = "com.apple.product-type.bundle.unit-test";
		};
		FA57E0782C46A64800602342 /* AntPlayerHUITests */ = {
			isa = PBXNativeTarget;
			buildConfigurationList = FA57E0892C46A64800602342 /* Build configuration list for PBXNativeTarget "AntPlayerHUITests" */;
			buildPhases = (
				EC6A43AFC2B262EA3AE0110D /* [CP] Check Pods Manifest.lock */,
				FA57E0752C46A64800602342 /* Sources */,
				FA57E0762C46A64800602342 /* Frameworks */,
				FA57E0772C46A64800602342 /* Resources */,
				365DA5AB9A21B8D4EEF7F3CE /* [CP] Embed Pods Frameworks */,
				E6FB9C5605D9C9B86033D38E /* [CP] Copy Pods Resources */,
			);
			buildRules = (
			);
			dependencies = (
				FA57E07B2C46A64800602342 /* PBXTargetDependency */,
			);
			name = AntPlayerHUITests;
			productName = AntPlayerHUITests;
			productReference = FA57E0792C46A64800602342 /* AntPlayerHUITests.xctest */;
			productType = "com.apple.product-type.bundle.ui-testing";
		};
/* End PBXNativeTarget section */

/* Begin PBXProject section */
		FA57E04E2C46A64600602342 /* Project object */ = {
			isa = PBXProject;
			attributes = {
				BuildIndependentTargetsInParallel = 1;
				LastSwiftUpdateCheck = 1540;
				LastUpgradeCheck = 1540;
				TargetAttributes = {
					FA57E0552C46A64600602342 = {
						CreatedOnToolsVersion = 15.4;
						LastSwiftMigration = 1540;
					};
					FA57E06E2C46A64800602342 = {
						CreatedOnToolsVersion = 15.4;
						TestTargetID = FA57E0552C46A64600602342;
					};
					FA57E0782C46A64800602342 = {
						CreatedOnToolsVersion = 15.4;
						TestTargetID = FA57E0552C46A64600602342;
					};
				};
			};
			buildConfigurationList = FA57E0512C46A64600602342 /* Build configuration list for PBXProject "AntPlayerH" */;
			developmentRegion = en;
			hasScannedForEncodings = 0;
			knownRegions = (
				en,
				Base,
			);
			mainGroup = FA57E04D2C46A64600602342;
			packageReferences = (
				FA50EAB22DEBEBEE00446224 /* XCRemoteSwiftPackageReference "Moya" */,
				FA50EAB32DEBEC1800446224 /* XCRemoteSwiftPackageReference "Kingfisher" */,
				FA50EAB42DEBEC3400446224 /* XCRemoteSwiftPackageReference "SnapKit" */,
				FA50EAB52DEBEC6700446224 /* XCRemoteSwiftPackageReference "Toast-Swift" */,
				FA50EAB62DEBEC8000446224 /* XCRemoteSwiftPackageReference "ZVRefreshing" */,
				FA50EAB72DEBECA600446224 /* XCRemoteSwiftPackageReference "XLActionController" */,
				FA50EAB82DEBEEC500446224 /* XCRemoteSwiftPackageReference "Tiercel" */,
				FA50EAB92DEBEF0700446224 /* XCRemoteSwiftPackageReference "JXSegmentedView" */,
				FA50EAC52DEBF78200446224 /* XCRemoteSwiftPackageReference "STTextView" */,
				FA50EACE2DEBF8C100446224 /* XCRemoteSwiftPackageReference "SwiftyJSON" */,
				FA50EAD12DEBF90000446224 /* XCRemoteSwiftPackageReference "ScreenshotPreventing-iOS" */,
				FA50EAD42DEBF95900446224 /* XCRemoteSwiftPackageReference "AHDownloadButton" */,
			);
			preferredProjectObjectVersion = 56;
			productRefGroup = FA57E0572C46A64600602342 /* Products */;
			projectDirPath = "";
			projectReferences = (
				{
					ProductGroup = FACD2ECC2DE9E87F000E071B /* Products */;
					ProjectRef = FACD2EC92DE9E87F000E071B /* IJKMediaPlayer.xcodeproj */;
				},
			);
			projectRoot = "";
			targets = (
				FA57E0552C46A64600602342 /* AntPlayerH */,
				FA57E06E2C46A64800602342 /* AntPlayerHTests */,
				FA57E0782C46A64800602342 /* AntPlayerHUITests */,
			);
		};
/* End PBXProject section */

/* Begin PBXReferenceProxy section */
		FACD2ED22DE9E880000E071B /* IJKMediaFramework.framework */ = {
			isa = PBXReferenceProxy;
			fileType = wrapper.framework;
			path = IJKMediaFramework.framework;
			remoteRef = FACD2ED12DE9E880000E071B /* PBXContainerItemProxy */;
			sourceTree = BUILT_PRODUCTS_DIR;
		};
		FACD2ED42DE9E880000E071B /* IJKMediaFrameworkWithSSL.framework */ = {
			isa = PBXReferenceProxy;
			fileType = wrapper.framework;
			path = IJKMediaFrameworkWithSSL.framework;
			remoteRef = FACD2ED32DE9E880000E071B /* PBXContainerItemProxy */;
			sourceTree = BUILT_PRODUCTS_DIR;
		};
		FACD2ED62DE9E880000E071B /* IJKMediaFrameworkTests.xctest */ = {
			isa = PBXReferenceProxy;
			fileType = wrapper.cfbundle;
			path = IJKMediaFrameworkTests.xctest;
			remoteRef = FACD2ED52DE9E880000E071B /* PBXContainerItemProxy */;
			sourceTree = BUILT_PRODUCTS_DIR;
		};
/* End PBXReferenceProxy section */

/* Begin PBXResourcesBuildPhase section */
		FA57E0542C46A64600602342 /* Resources */ = {
			isa = PBXResourcesBuildPhase;
			buildActionMask = 2147483647;
			files = (
			);
			runOnlyForDeploymentPostprocessing = 0;
		};
		FA57E06D2C46A64800602342 /* Resources */ = {
			isa = PBXResourcesBuildPhase;
			buildActionMask = 2147483647;
			files = (
			);
			runOnlyForDeploymentPostprocessing = 0;
		};
		FA57E0772C46A64800602342 /* Resources */ = {
			isa = PBXResourcesBuildPhase;
			buildActionMask = 2147483647;
			files = (
			);
			runOnlyForDeploymentPostprocessing = 0;
		};
/* End PBXResourcesBuildPhase section */

/* Begin PBXShellScriptBuildPhase section */
		1CFD0FC628FEC4BB69914401 /* [CP] Check Pods Manifest.lock */ = {
			isa = PBXShellScriptBuildPhase;
			buildActionMask = 2147483647;
			files = (
			);
			inputFileListPaths = (
			);
			inputPaths = (
				"${PODS_PODFILE_DIR_PATH}/Podfile.lock",
				"${PODS_ROOT}/Manifest.lock",
			);
			name = "[CP] Check Pods Manifest.lock";
			outputFileListPaths = (
			);
			outputPaths = (
				"$(DERIVED_FILE_DIR)/Pods-AntPlayerHTests-checkManifestLockResult.txt",
			);
			runOnlyForDeploymentPostprocessing = 0;
			shellPath = /bin/sh;
			shellScript = "diff \"${PODS_PODFILE_DIR_PATH}/Podfile.lock\" \"${PODS_ROOT}/Manifest.lock\" > /dev/null\nif [ $? != 0 ] ; then\n    # print error to STDERR\n    echo \"error: The sandbox is not in sync with the Podfile.lock. Run 'pod install' or update your CocoaPods installation.\" >&2\n    exit 1\nfi\n# This output is used by Xcode 'outputs' to avoid re-running this script phase.\necho \"SUCCESS\" > \"${SCRIPT_OUTPUT_FILE_0}\"\n";
			showEnvVarsInLog = 0;
		};
		303477EEEC111C2CFB654F82 /* [CP] Embed Pods Frameworks */ = {
			isa = PBXShellScriptBuildPhase;
			buildActionMask = 2147483647;
			files = (
			);
			inputFileListPaths = (
			);
			inputPaths = (
			);
			name = "[CP] Embed Pods Frameworks";
			outputFileListPaths = (
			);
			outputPaths = (
			);
			runOnlyForDeploymentPostprocessing = 0;
			shellPath = /bin/sh;
			shellScript = "
";
			showEnvVarsInLog = 0;
		};
		365DA5AB9A21B8D4EEF7F3CE /* [CP] Embed Pods Frameworks */ = {
			isa = PBXShellScriptBuildPhase;
			buildActionMask = 2147483647;
			files = (
			);
			inputFileListPaths = (
				"${PODS_ROOT}/Target Support Files/Pods-AntPlayerH-AntPlayerHUITests/Pods-AntPlayerH-AntPlayerHUITests-frameworks-${CONFIGURATION}-input-files.xcfilelist",
			);
			inputPaths = (
			);
			name = "[CP] Embed Pods Frameworks";
			outputFileListPaths = (
				"${PODS_ROOT}/Target Support Files/Pods-AntPlayerH-AntPlayerHUITests/Pods-AntPlayerH-AntPlayerHUITests-frameworks-${CONFIGURATION}-output-files.xcfilelist",
			);
			outputPaths = (
			);
			runOnlyForDeploymentPostprocessing = 0;
			shellPath = /bin/sh;
			shellScript = "\"${PODS_ROOT}/Target Support Files/Pods-AntPlayerH-AntPlayerHUITests/Pods-AntPlayerH-AntPlayerHUITests-frameworks.sh\"\n";
			showEnvVarsInLog = 0;
		};
		3762EBECBD8812CB7ABB15D4 /* [CP] Copy Pods Resources */ = {
			isa = PBXShellScriptBuildPhase;
			buildActionMask = 2147483647;
			files = (
			);
			inputFileListPaths = (
				"",
			);
			inputPaths = (
			);
			name = "[CP] Copy Pods Resources";
			outputFileListPaths = (
				"",
			);
			outputPaths = (
			);
			runOnlyForDeploymentPostprocessing = 0;
			shellPath = /bin/sh;
			shellScript = "
";
			showEnvVarsInLog = 0;
		};
		E6FB9C5605D9C9B86033D38E /* [CP] Copy Pods Resources */ = {
			isa = PBXShellScriptBuildPhase;
			buildActionMask = 2147483647;
			files = (
			);
			inputFileListPaths = (
				"${PODS_ROOT}/Target Support Files/Pods-AntPlayerH-AntPlayerHUITests/Pods-AntPlayerH-AntPlayerHUITests-resources-${CONFIGURATION}-input-files.xcfilelist",
			);
			inputPaths = (
			);
			name = "[CP] Copy Pods Resources";
			outputFileListPaths = (
				"${PODS_ROOT}/Target Support Files/Pods-AntPlayerH-AntPlayerHUITests/Pods-AntPlayerH-AntPlayerHUITests-resources-${CONFIGURATION}-output-files.xcfilelist",
			);
			outputPaths = (
			);
			runOnlyForDeploymentPostprocessing = 0;
			shellPath = /bin/sh;
			shellScript = "\"${PODS_ROOT}/Target Support Files/Pods-AntPlayerH-AntPlayerHUITests/Pods-AntPlayerH-AntPlayerHUITests-resources.sh\"\n";
			showEnvVarsInLog = 0;
		};
		EC6A43AFC2B262EA3AE0110D /* [CP] Check Pods Manifest.lock */ = {
			isa = PBXShellScriptBuildPhase;
			buildActionMask = 2147483647;
			files = (
			);
			inputFileListPaths = (
			);
			inputPaths = (
				"${PODS_PODFILE_DIR_PATH}/Podfile.lock",
				"${PODS_ROOT}/Manifest.lock",
			);
			name = "[CP] Check Pods Manifest.lock";
			outputFileListPaths = (
			);
			outputPaths = (
				"$(DERIVED_FILE_DIR)/Pods-AntPlayerH-AntPlayerHUITests-checkManifestLockResult.txt",
			);
			runOnlyForDeploymentPostprocessing = 0;
			shellPath = /bin/sh;
			shellScript = "diff \"${PODS_PODFILE_DIR_PATH}/Podfile.lock\" \"${PODS_ROOT}/Manifest.lock\" > /dev/null\nif [ $? != 0 ] ; then\n    # print error to STDERR\n    echo \"error: The sandbox is not in sync with the Podfile.lock. Run 'pod install' or update your CocoaPods installation.\" >&2\n    exit 1\nfi\n# This output is used by Xcode 'outputs' to avoid re-running this script phase.\necho \"SUCCESS\" > \"${SCRIPT_OUTPUT_FILE_0}\"\n";
			showEnvVarsInLog = 0;
		};
		F9C577A098537B96456C5A92 /* [CP] Check Pods Manifest.lock */ = {
			isa = PBXShellScriptBuildPhase;
			buildActionMask = 2147483647;
			files = (
			);
			inputFileListPaths = (
			);
			inputPaths = (
			);
			name = "[CP] Check Pods Manifest.lock";
			outputFileListPaths = (
			);
			outputPaths = (
				"",
			);
			runOnlyForDeploymentPostprocessing = 0;
			shellPath = /bin/sh;
			shellScript = "
";
			showEnvVarsInLog = 0;
		};
/* End PBXShellScriptBuildPhase section */

/* Begin PBXSourcesBuildPhase section */
		FA57E0522C46A64600602342 /* Sources */ = {
			isa = PBXSourcesBuildPhase;
			buildActionMask = 2147483647;
			files = (
			);
			runOnlyForDeploymentPostprocessing = 0;
		};
		FA57E06B2C46A64800602342 /* Sources */ = {
			isa = PBXSourcesBuildPhase;
			buildActionMask = 2147483647;
			files = (
				FA57E0742C46A64800602342 /* AntPlayerHTests.swift in Sources */,
			);
			runOnlyForDeploymentPostprocessing = 0;
		};
		FA57E0752C46A64800602342 /* Sources */ = {
			isa = PBXSourcesBuildPhase;
			buildActionMask = 2147483647;
			files = (
				FA57E0802C46A64800602342 /* AntPlayerHUITestsLaunchTests.swift in Sources */,
				FA57E07E2C46A64800602342 /* AntPlayerHUITests.swift in Sources */,
			);
			runOnlyForDeploymentPostprocessing = 0;
		};
/* End PBXSourcesBuildPhase section */

/* Begin PBXTargetDependency section */
		FA57E0712C46A64800602342 /* PBXTargetDependency */ = {
			isa = PBXTargetDependency;
			target = FA57E0552C46A64600602342 /* AntPlayerH */;
			targetProxy = FA57E0702C46A64800602342 /* PBXContainerItemProxy */;
		};
		FA57E07B2C46A64800602342 /* PBXTargetDependency */ = {
			isa = PBXTargetDependency;
			target = FA57E0552C46A64600602342 /* AntPlayerH */;
			targetProxy = FA57E07A2C46A64800602342 /* PBXContainerItemProxy */;
		};
		FACD2ED82DE9E88D000E071B /* PBXTargetDependency */ = {
			isa = PBXTargetDependency;
			name = IJKMediaFramework;
			targetProxy = FACD2ED72DE9E88D000E071B /* PBXContainerItemProxy */;
		};
/* End PBXTargetDependency section */

/* Begin XCBuildConfiguration section */
		FA57E0812C46A64800602342 /* Debug */ = {
			isa = XCBuildConfiguration;
			buildSettings = {
				ALWAYS_SEARCH_USER_PATHS = NO;
				ASSETCATALOG_COMPILER_GENERATE_SWIFT_ASSET_SYMBOL_EXTENSIONS = YES;
				CLANG_ANALYZER_NONNULL = YES;
				CLANG_ANALYZER_NUMBER_OBJECT_CONVERSION = YES_AGGRESSIVE;
				CLANG_CXX_LANGUAGE_STANDARD = "gnu++20";
				CLANG_ENABLE_MODULES = YES;
				CLANG_ENABLE_OBJC_ARC = YES;
				CLANG_ENABLE_OBJC_WEAK = YES;
				CLANG_WARN_BLOCK_CAPTURE_AUTORELEASING = YES;
				CLANG_WARN_BOOL_CONVERSION = YES;
				CLANG_WARN_COMMA = YES;
				CLANG_WARN_CONSTANT_CONVERSION = YES;
				CLANG_WARN_DEPRECATED_OBJC_IMPLEMENTATIONS = YES;
				CLANG_WARN_DIRECT_OBJC_ISA_USAGE = YES_ERROR;
				CLANG_WARN_DOCUMENTATION_COMMENTS = YES;
				CLANG_WARN_EMPTY_BODY = YES;
				CLANG_WARN_ENUM_CONVERSION = YES;
				CLANG_WARN_INFINITE_RECURSION = YES;
				CLANG_WARN_INT_CONVERSION = YES;
				CLANG_WARN_NON_LITERAL_NULL_CONVERSION = YES;
				CLANG_WARN_OBJC_IMPLICIT_RETAIN_SELF = YES;
				CLANG_WARN_OBJC_LITERAL_CONVERSION = YES;
				CLANG_WARN_OBJC_ROOT_CLASS = YES_ERROR;
				CLANG_WARN_QUOTED_INCLUDE_IN_FRAMEWORK_HEADER = YES;
				CLANG_WARN_RANGE_LOOP_ANALYSIS = YES;
				CLANG_WARN_STRICT_PROTOTYPES = YES;
				CLANG_WARN_SUSPICIOUS_MOVE = YES;
				CLANG_WARN_UNGUARDED_AVAILABILITY = YES_AGGRESSIVE;
				CLANG_WARN_UNREACHABLE_CODE = YES;
				CLANG_WARN__DUPLICATE_METHOD_MATCH = YES;
				COPY_PHASE_STRIP = NO;
				DEBUG_INFORMATION_FORMAT = dwarf;
				ENABLE_STRICT_OBJC_MSGSEND = YES;
				ENABLE_TESTABILITY = YES;
				ENABLE_USER_SCRIPT_SANDBOXING = YES;
				GCC_C_LANGUAGE_STANDARD = gnu17;
				GCC_DYNAMIC_NO_PIC = NO;
				GCC_NO_COMMON_BLOCKS = YES;
				GCC_OPTIMIZATION_LEVEL = 0;
				GCC_PREPROCESSOR_DEFINITIONS = (
					"DEBUG=1",
					"$(inherited)",
				);
				GCC_WARN_64_TO_32_BIT_CONVERSION = YES;
				GCC_WARN_ABOUT_RETURN_TYPE = YES_ERROR;
				GCC_WARN_UNDECLARED_SELECTOR = YES;
				GCC_WARN_UNINITIALIZED_AUTOS = YES_AGGRESSIVE;
				GCC_WARN_UNUSED_FUNCTION = YES;
				GCC_WARN_UNUSED_VARIABLE = YES;
				IPHONEOS_DEPLOYMENT_TARGET = 17.4;
				LOCALIZATION_PREFERS_STRING_CATALOGS = YES;
				MTL_ENABLE_DEBUG_INFO = INCLUDE_SOURCE;
				MTL_FAST_MATH = YES;
				ONLY_ACTIVE_ARCH = NO;
				SDKROOT = iphoneos;
				SWIFT_ACTIVE_COMPILATION_CONDITIONS = "DEBUG $(inherited)";
				SWIFT_OPTIMIZATION_LEVEL = "-Onone";
			};
			name = Debug;
		};
		FA57E0822C46A64800602342 /* Release */ = {
			isa = XCBuildConfiguration;
			buildSettings = {
				ALWAYS_SEARCH_USER_PATHS = NO;
				ASSETCATALOG_COMPILER_GENERATE_SWIFT_ASSET_SYMBOL_EXTENSIONS = YES;
				CLANG_ANALYZER_NONNULL = YES;
				CLANG_ANALYZER_NUMBER_OBJECT_CONVERSION = YES_AGGRESSIVE;
				CLANG_CXX_LANGUAGE_STANDARD = "gnu++20";
				CLANG_ENABLE_MODULES = YES;
				CLANG_ENABLE_OBJC_ARC = YES;
				CLANG_ENABLE_OBJC_WEAK = YES;
				CLANG_WARN_BLOCK_CAPTURE_AUTORELEASING = YES;
				CLANG_WARN_BOOL_CONVERSION = YES;
				CLANG_WARN_COMMA = YES;
				CLANG_WARN_CONSTANT_CONVERSION = YES;
				CLANG_WARN_DEPRECATED_OBJC_IMPLEMENTATIONS = YES;
				CLANG_WARN_DIRECT_OBJC_ISA_USAGE = YES_ERROR;
				CLANG_WARN_DOCUMENTATION_COMMENTS = YES;
				CLANG_WARN_EMPTY_BODY = YES;
				CLANG_WARN_ENUM_CONVERSION = YES;
				CLANG_WARN_INFINITE_RECURSION = YES;
				CLANG_WARN_INT_CONVERSION = YES;
				CLANG_WARN_NON_LITERAL_NULL_CONVERSION = YES;
				CLANG_WARN_OBJC_IMPLICIT_RETAIN_SELF = YES;
				CLANG_WARN_OBJC_LITERAL_CONVERSION = YES;
				CLANG_WARN_OBJC_ROOT_CLASS = YES_ERROR;
				CLANG_WARN_QUOTED_INCLUDE_IN_FRAMEWORK_HEADER = YES;
				CLANG_WARN_RANGE_LOOP_ANALYSIS = YES;
				CLANG_WARN_STRICT_PROTOTYPES = YES;
				CLANG_WARN_SUSPICIOUS_MOVE = YES;
				CLANG_WARN_UNGUARDED_AVAILABILITY = YES_AGGRESSIVE;
				CLANG_WARN_UNREACHABLE_CODE = YES;
				CLANG_WARN__DUPLICATE_METHOD_MATCH = YES;
				COPY_PHASE_STRIP = NO;
				DEBUG_INFORMATION_FORMAT = "dwarf-with-dsym";
				ENABLE_NS_ASSERTIONS = NO;
				ENABLE_STRICT_OBJC_MSGSEND = YES;
				ENABLE_USER_SCRIPT_SANDBOXING = YES;
				GCC_C_LANGUAGE_STANDARD = gnu17;
				GCC_NO_COMMON_BLOCKS = YES;
				GCC_WARN_64_TO_32_BIT_CONVERSION = YES;
				GCC_WARN_ABOUT_RETURN_TYPE = YES_ERROR;
				GCC_WARN_UNDECLARED_SELECTOR = YES;
				GCC_WARN_UNINITIALIZED_AUTOS = YES_AGGRESSIVE;
				GCC_WARN_UNUSED_FUNCTION = YES;
				GCC_WARN_UNUSED_VARIABLE = YES;
				IPHONEOS_DEPLOYMENT_TARGET = 17.4;
				LOCALIZATION_PREFERS_STRING_CATALOGS = YES;
				MTL_ENABLE_DEBUG_INFO = NO;
				MTL_FAST_MATH = YES;
				SDKROOT = iphoneos;
				SWIFT_COMPILATION_MODE = wholemodule;
				VALIDATE_PRODUCT = YES;
			};
			name = Release;
		};
		FA57E0842C46A64800602342 /* Debug */ = {
			isa = XCBuildConfiguration;
			buildSettings = {
				ASSETCATALOG_COMPILER_APPICON_NAME = AppIcon;
				ASSETCATALOG_COMPILER_GLOBAL_ACCENT_COLOR_NAME = AccentColor;
				CLANG_ENABLE_MODULES = YES;
				CODE_SIGN_IDENTITY = "Apple Development";
				CODE_SIGN_STYLE = Automatic;
				CURRENT_PROJECT_VERSION = 1;
				DEVELOPMENT_TEAM = ZR65RQ5GJR;
				ENABLE_USER_SCRIPT_SANDBOXING = NO;
				"EXCLUDED_ARCHS[sdk=iphonesimulator*]" = x86_64;
				GENERATE_INFOPLIST_FILE = YES;
				INFOPLIST_FILE = AntPlayerH/Info.plist;
				INFOPLIST_KEY_NSCameraUsageDescription = "打开相机";
				INFOPLIST_KEY_NSLocalNetworkUsageDescription = "This app requires access to the local network to connect to devices.";
				INFOPLIST_KEY_NSMicrophoneUsageDescription = mic;
				INFOPLIST_KEY_NSPhotoLibraryAddUsageDescription = Photo;
				INFOPLIST_KEY_NSPhotoLibraryUsageDescription = photo;
				INFOPLIST_KEY_UIApplicationSupportsIndirectInputEvents = YES;
				INFOPLIST_KEY_UILaunchStoryboardName = LaunchScreen;
				INFOPLIST_KEY_UIRequiresFullScreen = YES;
				INFOPLIST_KEY_UISupportedInterfaceOrientations = "UIInterfaceOrientationPortrait UIInterfaceOrientationLandscapeLeft UIInterfaceOrientationLandscapeRight";
				INFOPLIST_KEY_UISupportedInterfaceOrientations_iPad = "UIInterfaceOrientationPortrait UIInterfaceOrientationLandscapeLeft UIInterfaceOrientationLandscapeRight";
				INFOPLIST_KEY_UISupportedInterfaceOrientations_iPhone = "UIInterfaceOrientationPortrait UIInterfaceOrientationLandscapeLeft UIInterfaceOrientationLandscapeRight";
				IPHONEOS_DEPLOYMENT_TARGET = 16.0;
				LD_RUNPATH_SEARCH_PATHS = (
					"$(inherited)",
					"@executable_path/Frameworks",
				);
				MARKETING_VERSION = 1.0;
				ONLY_ACTIVE_ARCH = YES;
				OTHER_LDFLAGS = "$(inherited)";
				PRODUCT_BUNDLE_IDENTIFIER = com.cp.aaaa;
				PRODUCT_NAME = "$(TARGET_NAME)";
				PROVISIONING_PROFILE_SPECIFIER = "";
				SWIFT_EMIT_LOC_STRINGS = YES;
				SWIFT_OBJC_BRIDGING_HEADER = "$(SRCROOT)/AntPlayerH/AntPlayerH-Bridging-Header.h";
				SWIFT_OPTIMIZATION_LEVEL = "-Onone";
				SWIFT_VERSION = 5.0;
				TARGETED_DEVICE_FAMILY = "1,2";
			};
			name = Debug;
		};
		FA57E0852C46A64800602342 /* Release */ = {
			isa = XCBuildConfiguration;
			buildSettings = {
				ASSETCATALOG_COMPILER_APPICON_NAME = AppIcon;
				ASSETCATALOG_COMPILER_GLOBAL_ACCENT_COLOR_NAME = AccentColor;
				CLANG_ENABLE_MODULES = YES;
				CODE_SIGN_IDENTITY = "Apple Development";
				CODE_SIGN_STYLE = Automatic;
				CURRENT_PROJECT_VERSION = 1;
				DEVELOPMENT_TEAM = ZR65RQ5GJR;
				ENABLE_USER_SCRIPT_SANDBOXING = NO;
				"EXCLUDED_ARCHS[sdk=iphonesimulator*]" = x86_64;
				GENERATE_INFOPLIST_FILE = YES;
				INFOPLIST_FILE = AntPlayerH/Info.plist;
				INFOPLIST_KEY_NSCameraUsageDescription = "打开相机";
				INFOPLIST_KEY_NSLocalNetworkUsageDescription = "This app requires access to the local network to connect to devices.";
				INFOPLIST_KEY_NSMicrophoneUsageDescription = mic;
				INFOPLIST_KEY_NSPhotoLibraryAddUsageDescription = Photo;
				INFOPLIST_KEY_NSPhotoLibraryUsageDescription = photo;
				INFOPLIST_KEY_UIApplicationSupportsIndirectInputEvents = YES;
				INFOPLIST_KEY_UILaunchStoryboardName = LaunchScreen;
				INFOPLIST_KEY_UIRequiresFullScreen = YES;
				INFOPLIST_KEY_UISupportedInterfaceOrientations = "UIInterfaceOrientationPortrait UIInterfaceOrientationLandscapeLeft UIInterfaceOrientationLandscapeRight";
				INFOPLIST_KEY_UISupportedInterfaceOrientations_iPad = "UIInterfaceOrientationPortrait UIInterfaceOrientationLandscapeLeft UIInterfaceOrientationLandscapeRight";
				INFOPLIST_KEY_UISupportedInterfaceOrientations_iPhone = "UIInterfaceOrientationPortrait UIInterfaceOrientationLandscapeLeft UIInterfaceOrientationLandscapeRight";
				IPHONEOS_DEPLOYMENT_TARGET = 16.0;
				LD_RUNPATH_SEARCH_PATHS = (
					"$(inherited)",
					"@executable_path/Frameworks",
				);
				MARKETING_VERSION = 1.0;
				ONLY_ACTIVE_ARCH = YES;
				OTHER_LDFLAGS = "$(inherited)";
				PRODUCT_BUNDLE_IDENTIFIER = com.cp.aaaa;
				PRODUCT_NAME = "$(TARGET_NAME)";
				PROVISIONING_PROFILE_SPECIFIER = "";
				SWIFT_EMIT_LOC_STRINGS = YES;
				SWIFT_OBJC_BRIDGING_HEADER = "$(SRCROOT)/AntPlayerH/AntPlayerH-Bridging-Header.h";
				SWIFT_VERSION = 5.0;
				TARGETED_DEVICE_FAMILY = "1,2";
			};
			name = Release;
		};
		FA57E0872C46A64800602342 /* Debug */ = {
			isa = XCBuildConfiguration;
			buildSettings = {
				ALWAYS_EMBED_SWIFT_STANDARD_LIBRARIES = YES;
				BUNDLE_LOADER = "$(TEST_HOST)";
				CODE_SIGN_STYLE = Automatic;
				CURRENT_PROJECT_VERSION = 1;
				DEVELOPMENT_TEAM = ZR65RQ5GJR;
				"EXCLUDED_ARCHS[sdk=iphonesimulator*]" = x86_64;
				GENERATE_INFOPLIST_FILE = YES;
				IPHONEOS_DEPLOYMENT_TARGET = 17.5;
				MARKETING_VERSION = 1.0;
				PRODUCT_BUNDLE_IDENTIFIER = super.hab.AntPlayerHTests;
				PRODUCT_NAME = "$(TARGET_NAME)";
				SWIFT_EMIT_LOC_STRINGS = NO;
				SWIFT_VERSION = 5.0;
				TARGETED_DEVICE_FAMILY = "1,2";
				TEST_HOST = "$(BUILT_PRODUCTS_DIR)/AntPlayerH.app/$(BUNDLE_EXECUTABLE_FOLDER_PATH)/AntPlayerH";
			};
			name = Debug;
		};
		FA57E0882C46A64800602342 /* Release */ = {
			isa = XCBuildConfiguration;
			buildSettings = {
				ALWAYS_EMBED_SWIFT_STANDARD_LIBRARIES = YES;
				BUNDLE_LOADER = "$(TEST_HOST)";
				CODE_SIGN_STYLE = Automatic;
				CURRENT_PROJECT_VERSION = 1;
				DEVELOPMENT_TEAM = ZR65RQ5GJR;
				"EXCLUDED_ARCHS[sdk=iphonesimulator*]" = "";
				GENERATE_INFOPLIST_FILE = YES;
				IPHONEOS_DEPLOYMENT_TARGET = 17.5;
				MARKETING_VERSION = 1.0;
				PRODUCT_BUNDLE_IDENTIFIER = super.hab.AntPlayerHTests;
				PRODUCT_NAME = "$(TARGET_NAME)";
				SWIFT_EMIT_LOC_STRINGS = NO;
				SWIFT_VERSION = 5.0;
				TARGETED_DEVICE_FAMILY = "1,2";
				TEST_HOST = "$(BUILT_PRODUCTS_DIR)/AntPlayerH.app/$(BUNDLE_EXECUTABLE_FOLDER_PATH)/AntPlayerH";
			};
			name = Release;
		};
		FA57E08A2C46A64800602342 /* Debug */ = {
			isa = XCBuildConfiguration;
			buildSettings = {
				ALWAYS_EMBED_SWIFT_STANDARD_LIBRARIES = YES;
				CODE_SIGN_STYLE = Automatic;
				CURRENT_PROJECT_VERSION = 1;
				DEVELOPMENT_TEAM = ZR65RQ5GJR;
				GENERATE_INFOPLIST_FILE = YES;
				MARKETING_VERSION = 1.0;
				PRODUCT_BUNDLE_IDENTIFIER = super.hab.AntPlayerHUITests;
				PRODUCT_NAME = "$(TARGET_NAME)";
				SWIFT_EMIT_LOC_STRINGS = NO;
				SWIFT_VERSION = 5.0;
				TARGETED_DEVICE_FAMILY = "1,2";
				TEST_TARGET_NAME = AntPlayerH;
			};
			name = Debug;
		};
		FA57E08B2C46A64800602342 /* Release */ = {
			isa = XCBuildConfiguration;
			buildSettings = {
				ALWAYS_EMBED_SWIFT_STANDARD_LIBRARIES = YES;
				CODE_SIGN_STYLE = Automatic;
				CURRENT_PROJECT_VERSION = 1;
				DEVELOPMENT_TEAM = ZR65RQ5GJR;
				GENERATE_INFOPLIST_FILE = YES;
				MARKETING_VERSION = 1.0;
				PRODUCT_BUNDLE_IDENTIFIER = super.hab.AntPlayerHUITests;
				PRODUCT_NAME = "$(TARGET_NAME)";
				SWIFT_EMIT_LOC_STRINGS = NO;
				SWIFT_VERSION = 5.0;
				TARGETED_DEVICE_FAMILY = "1,2";
				TEST_TARGET_NAME = AntPlayerH;
			};
			name = Release;
		};
/* End XCBuildConfiguration section */

/* Begin XCConfigurationList section */
		FA57E0512C46A64600602342 /* Build configuration list for PBXProject "AntPlayerH" */ = {
			isa = XCConfigurationList;
			buildConfigurations = (
				FA57E0812C46A64800602342 /* Debug */,
				FA57E0822C46A64800602342 /* Release */,
			);
			defaultConfigurationIsVisible = 0;
			defaultConfigurationName = Release;
		};
		FA57E0832C46A64800602342 /* Build configuration list for PBXNativeTarget "AntPlayerH" */ = {
			isa = XCConfigurationList;
			buildConfigurations = (
				FA57E0842C46A64800602342 /* Debug */,
				FA57E0852C46A64800602342 /* Release */,
			);
			defaultConfigurationIsVisible = 0;
			defaultConfigurationName = Release;
		};
		FA57E0862C46A64800602342 /* Build configuration list for PBXNativeTarget "AntPlayerHTests" */ = {
			isa = XCConfigurationList;
			buildConfigurations = (
				FA57E0872C46A64800602342 /* Debug */,
				FA57E0882C46A64800602342 /* Release */,
			);
			defaultConfigurationIsVisible = 0;
			defaultConfigurationName = Release;
		};
		FA57E0892C46A64800602342 /* Build configuration list for PBXNativeTarget "AntPlayerHUITests" */ = {
			isa = XCConfigurationList;
			buildConfigurations = (
				FA57E08A2C46A64800602342 /* Debug */,
				FA57E08B2C46A64800602342 /* Release */,
			);
			defaultConfigurationIsVisible = 0;
			defaultConfigurationName = Release;
		};
/* End XCConfigurationList section */

/* Begin XCRemoteSwiftPackageReference section */
		FA50EAB22DEBEBEE00446224 /* XCRemoteSwiftPackageReference "Moya" */ = {
			isa = XCRemoteSwiftPackageReference;
			repositoryURL = "git@github.com:Moya/Moya.git";
			requirement = {
				kind = upToNextMajorVersion;
				minimumVersion = 15.0.3;
			};
		};
		FA50EAB32DEBEC1800446224 /* XCRemoteSwiftPackageReference "Kingfisher" */ = {
			isa = XCRemoteSwiftPackageReference;
			repositoryURL = "git@github.com:onevcat/Kingfisher.git";
			requirement = {
				kind = upToNextMajorVersion;
				minimumVersion = 8.3.2;
			};
		};
		FA50EAB42DEBEC3400446224 /* XCRemoteSwiftPackageReference "SnapKit" */ = {
			isa = XCRemoteSwiftPackageReference;
			repositoryURL = "git@github.com:SnapKit/SnapKit.git";
			requirement = {
				kind = upToNextMajorVersion;
				minimumVersion = 5.7.1;
			};
		};
		FA50EAB52DEBEC6700446224 /* XCRemoteSwiftPackageReference "Toast-Swift" */ = {
			isa = XCRemoteSwiftPackageReference;
			repositoryURL = "git@github.com:scalessec/Toast-Swift.git";
			requirement = {
				kind = upToNextMajorVersion;
				minimumVersion = 5.1.1;
			};
		};
		FA50EAB62DEBEC8000446224 /* XCRemoteSwiftPackageReference "ZVRefreshing" */ = {
			isa = XCRemoteSwiftPackageReference;
			repositoryURL = "git@github.com:zevwings/ZVRefreshing.git";
			requirement = {
				kind = upToNextMajorVersion;
				minimumVersion = 2.4.0;
			};
		};
		FA50EAB72DEBECA600446224 /* XCRemoteSwiftPackageReference "XLActionController" */ = {
			isa = XCRemoteSwiftPackageReference;
			repositoryURL = "git@github.com:xmartlabs/XLActionController.git";
			requirement = {
				kind = upToNextMajorVersion;
				minimumVersion = 5.1.0;
			};
		};
		FA50EAB82DEBEEC500446224 /* XCRemoteSwiftPackageReference "Tiercel" */ = {
			isa = XCRemoteSwiftPackageReference;
			repositoryURL = "git@github.com:Danie1s/Tiercel.git";
			requirement = {
				kind = upToNextMajorVersion;
				minimumVersion = 3.2.6;
			};
		};
		FA50EAB92DEBEF0700446224 /* XCRemoteSwiftPackageReference "JXSegmentedView" */ = {
			isa = XCRemoteSwiftPackageReference;
			repositoryURL = "git@github.com:pujiaxin33/JXSegmentedView.git";
			requirement = {
				kind = upToNextMajorVersion;
				minimumVersion = 1.4.1;
			};
		};
		FA50EAC52DEBF78200446224 /* XCRemoteSwiftPackageReference "STTextView" */ = {
			isa = XCRemoteSwiftPackageReference;
			repositoryURL = "https://github.com/krzyzanowskim/STTextView";
			requirement = {
				kind = upToNextMajorVersion;
				minimumVersion = 2.0.0;
			};
		};
		FA50EACE2DEBF8C100446224 /* XCRemoteSwiftPackageReference "SwiftyJSON" */ = {
			isa = XCRemoteSwiftPackageReference;
			repositoryURL = "https://github.com/SwiftyJSON/SwiftyJSON.git";
			requirement = {
				kind = upToNextMajorVersion;
				minimumVersion = 5.0.2;
			};
		};
		FA50EAD12DEBF90000446224 /* XCRemoteSwiftPackageReference "ScreenshotPreventing-iOS" */ = {
			isa = XCRemoteSwiftPackageReference;
			repositoryURL = "git@github.com:yoxisem544/ScreenshotPreventing-iOS.git";
			requirement = {
				kind = upToNextMajorVersion;
				minimumVersion = 1.4.0;
			};
		};
		FA50EAD42DEBF95900446224 /* XCRemoteSwiftPackageReference "AHDownloadButton" */ = {
			isa = XCRemoteSwiftPackageReference;
			repositoryURL = "git@github.com:amerhukic/AHDownloadButton.git";
			requirement = {
				kind = upToNextMajorVersion;
				minimumVersion = 1.3.0;
			};
		};
/* End XCRemoteSwiftPackageReference section */

/* Begin XCSwiftPackageProductDependency section */
		FA50EABB2DEBF6D500446224 /* XLActionController */ = {
			isa = XCSwiftPackageProductDependency;
			package = FA50EAB72DEBECA600446224 /* XCRemoteSwiftPackageReference "XLActionController" */;
			productName = XLActionController;
		};
		FA50EABD2DEBF6F100446224 /* SnapKit */ = {
			isa = XCSwiftPackageProductDependency;
			package = FA50EAB42DEBEC3400446224 /* XCRemoteSwiftPackageReference "SnapKit" */;
			productName = SnapKit;
		};
		FA50EABF2DEBF72600446224 /* Toast */ = {
			isa = XCSwiftPackageProductDependency;
			package = FA50EAB52DEBEC6700446224 /* XCRemoteSwiftPackageReference "Toast-Swift" */;
			productName = Toast;
		};
		FA50EAC12DEBF73A00446224 /* Moya */ = {
			isa = XCSwiftPackageProductDependency;
			package = FA50EAB22DEBEBEE00446224 /* XCRemoteSwiftPackageReference "Moya" */;
			productName = Moya;
		};
		FA50EAC32DEBF74600446224 /* JXSegmentedView */ = {
			isa = XCSwiftPackageProductDependency;
			package = FA50EAB92DEBEF0700446224 /* XCRemoteSwiftPackageReference "JXSegmentedView" */;
			productName = JXSegmentedView;
		};
		FA50EAC62DEBF79300446224 /* STTextView */ = {
			isa = XCSwiftPackageProductDependency;
			package = FA50EAC52DEBF78200446224 /* XCRemoteSwiftPackageReference "STTextView" */;
			productName = STTextView;
		};
		FA50EAC82DEBF7A600446224 /* ZVRefreshing */ = {
			isa = XCSwiftPackageProductDependency;
			package = FA50EAB62DEBEC8000446224 /* XCRemoteSwiftPackageReference "ZVRefreshing" */;
			productName = ZVRefreshing;
		};
		FA50EACA2DEBF7C200446224 /* Kingfisher */ = {
			isa = XCSwiftPackageProductDependency;
			package = FA50EAB32DEBEC1800446224 /* XCRemoteSwiftPackageReference "Kingfisher" */;
			productName = Kingfisher;
		};
		FA50EACC2DEBF83500446224 /* Tiercel */ = {
			isa = XCSwiftPackageProductDependency;
			package = FA50EAB82DEBEEC500446224 /* XCRemoteSwiftPackageReference "Tiercel" */;
			productName = Tiercel;
		};
		FA50EACF2DEBF8D000446224 /* SwiftyJSON */ = {
			isa = XCSwiftPackageProductDependency;
			package = FA50EACE2DEBF8C100446224 /* XCRemoteSwiftPackageReference "SwiftyJSON" */;
			productName = SwiftyJSON;
		};
		FA50EAD22DEBF90800446224 /* ScreenshotPreventing */ = {
			isa = XCSwiftPackageProductDependency;
			package = FA50EAD12DEBF90000446224 /* XCRemoteSwiftPackageReference "ScreenshotPreventing-iOS" */;
			productName = ScreenshotPreventing;
		};
		FA50EAD52DEBF96000446224 /* AHDownloadButton */ = {
			isa = XCSwiftPackageProductDependency;
			package = FA50EAD42DEBF95900446224 /* XCRemoteSwiftPackageReference "AHDownloadButton" */;
			productName = AHDownloadButton;
		};
/* End XCSwiftPackageProductDependency section */
	};
	rootObject = FA57E04E2C46A64600602342 /* Project object */;
}
