PODS:
  - AHDownloadButton (1.3.0)
  - Alamofire (5.9.1)
  - BarrageRenderer (2.1.0)
  - GCDWebServer (3.5.4):
    - GCDWebServer/Core (= 3.5.4)
  - GCDWebServer/Core (3.5.4)
  - JXSegmentedView (1.4.1)
  - Kingfisher (7.12.0)
  - Moya (15.0.0):
    - Moya/Core (= 15.0.0)
  - Moya/Core (15.0.0):
    - Alamofire (~> 5.0)
  - RxCocoa (6.7.1):
    - RxRelay (= 6.7.1)
    - RxSwift (= 6.7.1)
  - RxRelay (6.7.1):
    - RxSwift (= 6.7.1)
  - RxSwift (6.7.1)
  - ScreenshotPreventing (1.4.0):
    - ScreenshotPreventing/Core (= 1.4.0)
  - ScreenshotPreventing/Core (1.4.0)
  - SnapKit (5.0.1)
  - STTextView (1.1.3)
  - SwiftyJSON (5.0.2)
  - TencentCloudHuiyanSDKFace_framework (8.4.1)
  - Tiercel (3.2.5)
  - Toast-Swift (5.1.1)
  - TXIMSDK_Plus_iOS (8.0.5895)
  - XLActionController (5.1.0):
    - XLActionController/Core (= 5.1.0)
  - XLActionController/Core (5.1.0)
  - ZVActivityIndicatorView (1.0.0)
  - ZVRefreshing (2.4.0):
    - ZVActivityIndicatorView

DEPENDENCIES:
  - AHDownloadButton
  - BarrageRenderer
  - GCDWebServer
  - JXSegmentedView
  - Kingfisher
  - Moya
  - RxCocoa
  - RxSwift
  - ScreenshotPreventing
  - SnapKit
  - STTextView
  - SwiftyJSON
  - TencentCloudHuiyanSDKFace_framework (from `./TencentCloudHuiyanSDKFace_framework`)
  - Tiercel
  - Toast-Swift
  - TXIMSDK_Plus_iOS
  - XLActionController
  - ZVRefreshing

SPEC REPOS:
  trunk:
    - AHDownloadButton
    - Alamofire
    - BarrageRenderer
    - GCDWebServer
    - JXSegmentedView
    - Kingfisher
    - Moya
    - RxCocoa
    - RxRelay
    - RxSwift
    - ScreenshotPreventing
    - SnapKit
    - STTextView
    - SwiftyJSON
    - Tiercel
    - Toast-Swift
    - TXIMSDK_Plus_iOS
    - XLActionController
    - ZVActivityIndicatorView
    - ZVRefreshing

EXTERNAL SOURCES:
  TencentCloudHuiyanSDKFace_framework:
    :path: "./TencentCloudHuiyanSDKFace_framework"

SPEC CHECKSUMS:
  AHDownloadButton: f0778a7e406b49a590c48b241f1ff8e8f1cc5ab4
  Alamofire: f36a35757af4587d8e4f4bfa223ad10be2422b8c
  BarrageRenderer: 00e5f8081d81f29c1fc12712ddf2f875bd9c6f77
  GCDWebServer: 2c156a56c8226e2d5c0c3f208a3621ccffbe3ce4
  JXSegmentedView: cd73555ce2134d1656db2cb383ba9c2f36fb5078
  Kingfisher: 53a10ea35051a436b5fb626ca2dd8f3144d755e9
  Moya: 138f0573e53411fb3dc17016add0b748dfbd78ee
  RxCocoa: f5609cb4637587a7faa99c5d5787e3ad582b75a4
  RxRelay: 4151ba01152436b08271e08410135e099880eae5
  RxSwift: b9a93a26031785159e11abd40d1a55bcb8057e52
  ScreenshotPreventing: 7057fd23cb00599ba265c0b166768e1e0cb3a0b0
  SnapKit: 97b92857e3df3a0c71833cce143274bf6ef8e5eb
  STTextView: cb4d43949845294bd7d203f870bb50a426b65e36
  SwiftyJSON: f5b1bf1cd8dd53cd25887ac0eabcfd92301c6a5a
  TencentCloudHuiyanSDKFace_framework: 9ef2b071ee167fcd307aca051c76a85803f83020
  Tiercel: c0a73f876a72800333b15f4e7e48791f4ad21e90
  Toast-Swift: 7a03a532afe3a560d4044bc7c237e2864d295173
  TXIMSDK_Plus_iOS: b7bb4044ec1ec89da5ddf8945dc708b2c7ad6c6e
  XLActionController: 24140d835ab9e260270711afebc5efabebe9d392
  ZVActivityIndicatorView: fea0b3a8d8e0f54a106db3c6d543f7d5444cd9ea
  ZVRefreshing: 4b4523513b5bd3308bfc9f8b682631ab5b3c5699

PODFILE CHECKSUM: 16247502b3fc3ee007b71dca8a0664e3d13fc753

COCOAPODS: 1.15.2
